// !$*UTF8*$!
{
	archiveVersion = 1;
	classes = {
	};
	objectVersion = 56;
	objects = {

/* Begin PBXBuildFile section */
		87728CBD2946C0F200FEC5DC /* MiniApp114_SwiftUI_InputTextListApp.swift in Sources */ = {isa = PBXBuildFile; fileRef = 87728CBC2946C0F200FEC5DC /* MiniApp114_SwiftUI_InputTextListApp.swift */; };
		87728CBF2946C0F200FEC5DC /* ContentView.swift in Sources */ = {isa = PBXBuildFile; fileRef = 87728CBE2946C0F200FEC5DC /* ContentView.swift */; };
		87728CC12946C0F300FEC5DC /* Assets.xcassets in Resources */ = {isa = PBXBuildFile; fileRef = 87728CC02946C0F300FEC5DC /* Assets.xcassets */; };
		87728CC42946C0F300FEC5DC /* Preview Assets.xcassets in Resources */ = {isa = PBXBuildFile; fileRef = 87728CC32946C0F300FEC5DC /* Preview Assets.xcassets */; };
		87728CCE2946C0F300FEC5DC /* MiniApp114_SwiftUI_InputTextListTests.swift in Sources */ = {isa = PBXBuildFile; fileRef = 87728CCD2946C0F300FEC5DC /* MiniApp114_SwiftUI_InputTextListTests.swift */; };
		87728CD82946C0F300FEC5DC /* MiniApp114_SwiftUI_InputTextListUITests.swift in Sources */ = {isa = PBXBuildFile; fileRef = 87728CD72946C0F300FEC5DC /* MiniApp114_SwiftUI_InputTextListUITests.swift */; };
		87728CDA2946C0F300FEC5DC /* MiniApp114_SwiftUI_InputTextListUITestsLaunchTests.swift in Sources */ = {isa = PBXBuildFile; fileRef = 87728CD92946C0F300FEC5DC /* MiniApp114_SwiftUI_InputTextListUITestsLaunchTests.swift */; };
/* End PBXBuildFile section */

/* Begin PBXContainerItemProxy section */
		87728CCA2946C0F300FEC5DC /* PBXContainerItemProxy */ = {
			isa = PBXContainerItemProxy;
			containerPortal = 87728CB12946C0F200FEC5DC /* Project object */;
			proxyType = 1;
			remoteGlobalIDString = 87728CB82946C0F200FEC5DC;
			remoteInfo = "MiniApp114-SwiftUI-InputTextList";
		};
		87728CD42946C0F300FEC5DC /* PBXContainerItemProxy */ = {
			isa = PBXContainerItemProxy;
			containerPortal = 87728CB12946C0F200FEC5DC /* Project object */;
			proxyType = 1;
			remoteGlobalIDString = 87728CB82946C0F200FEC5DC;
			remoteInfo = "MiniApp114-SwiftUI-InputTextList";
		};
/* End PBXContainerItemProxy section */

/* Begin PBXFileReference section */
		87728CB92946C0F200FEC5DC /* MiniApp114-SwiftUI-InputTextList.app */ = {isa = PBXFileReference; explicitFileType = wrapper.application; includeInIndex = 0; path = "MiniApp114-SwiftUI-InputTextList.app"; sourceTree = BUILT_PRODUCTS_DIR; };
		87728CBC2946C0F200FEC5DC /* MiniApp114_SwiftUI_InputTextListApp.swift */ = {isa = PBXFileReference; lastKnownFileType = sourcecode.swift; path = MiniApp114_SwiftUI_InputTextListApp.swift; sourceTree = "<group>"; };
		87728CBE2946C0F200FEC5DC /* ContentView.swift */ = {isa = PBXFileReference; lastKnownFileType = sourcecode.swift; path = ContentView.swift; sourceTree = "<group>"; };
		87728CC02946C0F300FEC5DC /* Assets.xcassets */ = {isa = PBXFileReference; lastKnownFileType = folder.assetcatalog; path = Assets.xcassets; sourceTree = "<group>"; };
		87728CC32946C0F300FEC5DC /* Preview Assets.xcassets */ = {isa = PBXFileReference; lastKnownFileType = folder.assetcatalog; path = "Preview Assets.xcassets"; sourceTree = "<group>"; };
		87728CC92946C0F300FEC5DC /* MiniApp114-SwiftUI-InputTextListTests.xctest */ = {isa = PBXFileReference; explicitFileType = wrapper.cfbundle; includeInIndex = 0; path = "MiniApp114-SwiftUI-InputTextListTests.xctest"; sourceTree = BUILT_PRODUCTS_DIR; };
		87728CCD2946C0F300FEC5DC /* MiniApp114_SwiftUI_InputTextListTests.swift */ = {isa = PBXFileReference; lastKnownFileType = sourcecode.swift; path = MiniApp114_SwiftUI_InputTextListTests.swift; sourceTree = "<group>"; };
		87728CD32946C0F300FEC5DC /* MiniApp114-SwiftUI-InputTextListUITests.xctest */ = {isa = PBXFileReference; explicitFileType = wrapper.cfbundle; includeInIndex = 0; path = "MiniApp114-SwiftUI-InputTextListUITests.xctest"; sourceTree = BUILT_PRODUCTS_DIR; };
		87728CD72946C0F300FEC5DC /* MiniApp114_SwiftUI_InputTextListUITests.swift */ = {isa = PBXFileReference; lastKnownFileType = sourcecode.swift; path = MiniApp114_SwiftUI_InputTextListUITests.swift; sourceTree = "<group>"; };
		87728CD92946C0F300FEC5DC /* MiniApp114_SwiftUI_InputTextListUITestsLaunchTests.swift */ = {isa = PBXFileReference; lastKnownFileType = sourcecode.swift; path = MiniApp114_SwiftUI_InputTextListUITestsLaunchTests.swift; sourceTree = "<group>"; };
/* End PBXFileReference section */

/* Begin PBXFrameworksBuildPhase section */
		87728CB62946C0F200FEC5DC /* Frameworks */ = {
			isa = PBXFrameworksBuildPhase;
			buildActionMask = 2147483647;
			files = (
			);
			runOnlyForDeploymentPostprocessing = 0;
		};
		87728CC62946C0F300FEC5DC /* Frameworks */ = {
			isa = PBXFrameworksBuildPhase;
			buildActionMask = 2147483647;
			files = (
			);
			runOnlyForDeploymentPostprocessing = 0;
		};
		87728CD02946C0F300FEC5DC /* Frameworks */ = {
			isa = PBXFrameworksBuildPhase;
			buildActionMask = 2147483647;
			files = (
			);
			runOnlyForDeploymentPostprocessing = 0;
		};
/* End PBXFrameworksBuildPhase section */

/* Begin PBXGroup section */
		87728CB02946C0F200FEC5DC = {
			isa = PBXGroup;
			children = (
				87728CBB2946C0F200FEC5DC /* MiniApp114-SwiftUI-InputTextList */,
				87728CCC2946C0F300FEC5DC /* MiniApp114-SwiftUI-InputTextListTests */,
				87728CD62946C0F300FEC5DC /* MiniApp114-SwiftUI-InputTextListUITests */,
				87728CBA2946C0F200FEC5DC /* Products */,
			);
			sourceTree = "<group>";
		};
		87728CBA2946C0F200FEC5DC /* Products */ = {
			isa = PBXGroup;
			children = (
				87728CB92946C0F200FEC5DC /* MiniApp114-SwiftUI-InputTextList.app */,
				87728CC92946C0F300FEC5DC /* MiniApp114-SwiftUI-InputTextListTests.xctest */,
				87728CD32946C0F300FEC5DC /* MiniApp114-SwiftUI-InputTextListUITests.xctest */,
			);
			name = Products;
			sourceTree = "<group>";
		};
		87728CBB2946C0F200FEC5DC /* MiniApp114-SwiftUI-InputTextList */ = {
			isa = PBXGroup;
			children = (
				87728CBC2946C0F200FEC5DC /* MiniApp114_SwiftUI_InputTextListApp.swift */,
				87728CBE2946C0F200FEC5DC /* ContentView.swift */,
				87728CC02946C0F300FEC5DC /* Assets.xcassets */,
				87728CC22946C0F300FEC5DC /* Preview Content */,
			);
			path = "MiniApp114-SwiftUI-InputTextList";
			sourceTree = "<group>";
		};
		87728CC22946C0F300FEC5DC /* Preview Content */ = {
			isa = PBXGroup;
			children = (
				87728CC32946C0F300FEC5DC /* Preview Assets.xcassets */,
			);
			path = "Preview Content";
			sourceTree = "<group>";
		};
		87728CCC2946C0F300FEC5DC /* MiniApp114-SwiftUI-InputTextListTests */ = {
			isa = PBXGroup;
			children = (
				87728CCD2946C0F300FEC5DC /* MiniApp114_SwiftUI_InputTextListTests.swift */,
			);
			path = "MiniApp114-SwiftUI-InputTextListTests";
			sourceTree = "<group>";
		};
		87728CD62946C0F300FEC5DC /* MiniApp114-SwiftUI-InputTextListUITests */ = {
			isa = PBXGroup;
			children = (
				87728CD72946C0F300FEC5DC /* MiniApp114_SwiftUI_InputTextListUITests.swift */,
				87728CD92946C0F300FEC5DC /* MiniApp114_SwiftUI_InputTextListUITestsLaunchTests.swift */,
			);
			path = "MiniApp114-SwiftUI-InputTextListUITests";
			sourceTree = "<group>";
		};
/* End PBXGroup section */

/* Begin PBXNativeTarget section */
		87728CB82946C0F200FEC5DC /* MiniApp114-SwiftUI-InputTextList */ = {
			isa = PBXNativeTarget;
			buildConfigurationList = 87728CDD2946C0F300FEC5DC /* Build configuration list for PBXNativeTarget "MiniApp114-SwiftUI-InputTextList" */;
			buildPhases = (
				87728CB52946C0F200FEC5DC /* Sources */,
				87728CB62946C0F200FEC5DC /* Frameworks */,
				87728CB72946C0F200FEC5DC /* Resources */,
			);
			buildRules = (
			);
			dependencies = (
			);
			name = "MiniApp114-SwiftUI-InputTextList";
			productName = "MiniApp114-SwiftUI-InputTextList";
			productReference = 87728CB92946C0F200FEC5DC /* MiniApp114-SwiftUI-InputTextList.app */;
			productType = "com.apple.product-type.application";
		};
		87728CC82946C0F300FEC5DC /* MiniApp114-SwiftUI-InputTextListTests */ = {
			isa = PBXNativeTarget;
			buildConfigurationList = 87728CE02946C0F300FEC5DC /* Build configuration list for PBXNativeTarget "MiniApp114-SwiftUI-InputTextListTests" */;
			buildPhases = (
				87728CC52946C0F300FEC5DC /* Sources */,
				87728CC62946C0F300FEC5DC /* Frameworks */,
				87728CC72946C0F300FEC5DC /* Resources */,
			);
			buildRules = (
			);
			dependencies = (
				87728CCB2946C0F300FEC5DC /* PBXTargetDependency */,
			);
			name = "MiniApp114-SwiftUI-InputTextListTests";
			productName = "MiniApp114-SwiftUI-InputTextListTests";
			productReference = 87728CC92946C0F300FEC5DC /* MiniApp114-SwiftUI-InputTextListTests.xctest */;
			productType = "com.apple.product-type.bundle.unit-test";
		};
		87728CD22946C0F300FEC5DC /* MiniApp114-SwiftUI-InputTextListUITests */ = {
			isa = PBXNativeTarget;
			buildConfigurationList = 87728CE32946C0F300FEC5DC /* Build configuration list for PBXNativeTarget "MiniApp114-SwiftUI-InputTextListUITests" */;
			buildPhases = (
				87728CCF2946C0F300FEC5DC /* Sources */,
				87728CD02946C0F300FEC5DC /* Frameworks */,
				87728CD12946C0F300FEC5DC /* Resources */,
			);
			buildRules = (
			);
			dependencies = (
				87728CD52946C0F300FEC5DC /* PBXTargetDependency */,
			);
			name = "MiniApp114-SwiftUI-InputTextListUITests";
			productName = "MiniApp114-SwiftUI-InputTextListUITests";
			productReference = 87728CD32946C0F300FEC5DC /* MiniApp114-SwiftUI-InputTextListUITests.xctest */;
			productType = "com.apple.product-type.bundle.ui-testing";
		};
/* End PBXNativeTarget section */

/* Begin PBXProject section */
		87728CB12946C0F200FEC5DC /* Project object */ = {
			isa = PBXProject;
			attributes = {
				BuildIndependentTargetsInParallel = 1;
				LastSwiftUpdateCheck = 1410;
				LastUpgradeCheck = 1410;
				TargetAttributes = {
					87728CB82946C0F200FEC5DC = {
						CreatedOnToolsVersion = 14.1;
					};
					87728CC82946C0F300FEC5DC = {
						CreatedOnToolsVersion = 14.1;
						TestTargetID = 87728CB82946C0F200FEC5DC;
					};
					87728CD22946C0F300FEC5DC = {
						CreatedOnToolsVersion = 14.1;
						TestTargetID = 87728CB82946C0F200FEC5DC;
					};
				};
			};
			buildConfigurationList = 87728CB42946C0F200FEC5DC /* Build configuration list for PBXProject "MiniApp114-SwiftUI-InputTextList" */;
			compatibilityVersion = "Xcode 14.0";
			developmentRegion = en;
			hasScannedForEncodings = 0;
			knownRegions = (
				en,
				Base,
			);
			mainGroup = 87728CB02946C0F200FEC5DC;
			productRefGroup = 87728CBA2946C0F200FEC5DC /* Products */;
			projectDirPath = "";
			projectRoot = "";
			targets = (
				87728CB82946C0F200FEC5DC /* MiniApp114-SwiftUI-InputTextList */,
				87728CC82946C0F300FEC5DC /* MiniApp114-SwiftUI-InputTextListTests */,
				87728CD22946C0F300FEC5DC /* MiniApp114-SwiftUI-InputTextListUITests */,
			);
		};
/* End PBXProject section */

/* Begin PBXResourcesBuildPhase section */
		87728CB72946C0F200FEC5DC /* Resources */ = {
			isa = PBXResourcesBuildPhase;
			buildActionMask = 2147483647;
			files = (
				87728CC42946C0F300FEC5DC /* Preview Assets.xcassets in Resources */,
				87728CC12946C0F300FEC5DC /* Assets.xcassets in Resources */,
			);
			runOnlyForDeploymentPostprocessing = 0;
		};
		87728CC72946C0F300FEC5DC /* Resources */ = {
			isa = PBXResourcesBuildPhase;
			buildActionMask = 2147483647;
			files = (
			);
			runOnlyForDeploymentPostprocessing = 0;
		};
		87728CD12946C0F300FEC5DC /* Resources */ = {
			isa = PBXResourcesBuildPhase;
			buildActionMask = 2147483647;
			files = (
			);
			runOnlyForDeploymentPostprocessing = 0;
		};
/* End PBXResourcesBuildPhase section */

/* Begin PBXSourcesBuildPhase section */
		87728CB52946C0F200FEC5DC /* Sources */ = {
			isa = PBXSourcesBuildPhase;
			buildActionMask = 2147483647;
			files = (
				87728CBF2946C0F200FEC5DC /* ContentView.swift in Sources */,
				87728CBD2946C0F200FEC5DC /* MiniApp114_SwiftUI_InputTextListApp.swift in Sources */,
			);
			runOnlyForDeploymentPostprocessing = 0;
		};
		87728CC52946C0F300FEC5DC /* Sources */ = {
			isa = PBXSourcesBuildPhase;
			buildActionMask = 2147483647;
			files = (
				87728CCE2946C0F300FEC5DC /* MiniApp114_SwiftUI_InputTextListTests.swift in Sources */,
			);
			runOnlyForDeploymentPostprocessing = 0;
		};
		87728CCF2946C0F300FEC5DC /* Sources */ = {
			isa = PBXSourcesBuildPhase;
			buildActionMask = 2147483647;
			files = (
				87728CDA2946C0F300FEC5DC /* MiniApp114_SwiftUI_InputTextListUITestsLaunchTests.swift in Sources */,
				87728CD82946C0F300FEC5DC /* MiniApp114_SwiftUI_InputTextListUITests.swift in Sources */,
			);
			runOnlyForDeploymentPostprocessing = 0;
		};
/* End PBXSourcesBuildPhase section */

/* Begin PBXTargetDependency section */
		87728CCB2946C0F300FEC5DC /* PBXTargetDependency */ = {
			isa = PBXTargetDependency;
			target = 87728CB82946C0F200FEC5DC /* MiniApp114-SwiftUI-InputTextList */;
			targetProxy = 87728CCA2946C0F300FEC5DC /* PBXContainerItemProxy */;
		};
		87728CD52946C0F300FEC5DC /* PBXTargetDependency */ = {
			isa = PBXTargetDependency;
			target = 87728CB82946C0F200FEC5DC /* MiniApp114-SwiftUI-InputTextList */;
			targetProxy = 87728CD42946C0F300FEC5DC /* PBXContainerItemProxy */;
		};
/* End PBXTargetDependency section */

/* Begin XCBuildConfiguration section */
		87728CDB2946C0F300FEC5DC /* Debug */ = {
			isa = XCBuildConfiguration;
			buildSettings = {
				ALWAYS_SEARCH_USER_PATHS = NO;
				CLANG_ANALYZER_NONNULL = YES;
				CLANG_ANALYZER_NUMBER_OBJECT_CONVERSION = YES_AGGRESSIVE;
				CLANG_CXX_LANGUAGE_STANDARD = "gnu++20";
				CLANG_ENABLE_MODULES = YES;
				CLANG_ENABLE_OBJC_ARC = YES;
				CLANG_ENABLE_OBJC_WEAK = YES;
				CLANG_WARN_BLOCK_CAPTURE_AUTORELEASING = YES;
				CLANG_WARN_BOOL_CONVERSION = YES;
				CLANG_WARN_COMMA = YES;
				CLANG_WARN_CONSTANT_CONVERSION = YES;
				CLANG_WARN_DEPRECATED_OBJC_IMPLEMENTATIONS = YES;
				CLANG_WARN_DIRECT_OBJC_ISA_USAGE = YES_ERROR;
				CLANG_WARN_DOCUMENTATION_COMMENTS = YES;
				CLANG_WARN_EMPTY_BODY = YES;
				CLANG_WARN_ENUM_CONVERSION = YES;
				CLANG_WARN_INFINITE_RECURSION = YES;
				CLANG_WARN_INT_CONVERSION = YES;
				CLANG_WARN_NON_LITERAL_NULL_CONVERSION = YES;
				CLANG_WARN_OBJC_IMPLICIT_RETAIN_SELF = YES;
				CLANG_WARN_OBJC_LITERAL_CONVERSION = YES;
				CLANG_WARN_OBJC_ROOT_CLASS = YES_ERROR;
				CLANG_WARN_QUOTED_INCLUDE_IN_FRAMEWORK_HEADER = YES;
				CLANG_WARN_RANGE_LOOP_ANALYSIS = YES;
				CLANG_WARN_STRICT_PROTOTYPES = YES;
				CLANG_WARN_SUSPICIOUS_MOVE = YES;
				CLANG_WARN_UNGUARDED_AVAILABILITY = YES_AGGRESSIVE;
				CLANG_WARN_UNREACHABLE_CODE = YES;
				CLANG_WARN__DUPLICATE_METHOD_MATCH = YES;
				COPY_PHASE_STRIP = NO;
				DEBUG_INFORMATION_FORMAT = dwarf;
				ENABLE_STRICT_OBJC_MSGSEND = YES;
				ENABLE_TESTABILITY = YES;
				GCC_C_LANGUAGE_STANDARD = gnu11;
				GCC_DYNAMIC_NO_PIC = NO;
				GCC_NO_COMMON_BLOCKS = YES;
				GCC_OPTIMIZATION_LEVEL = 0;
				GCC_PREPROCESSOR_DEFINITIONS = (
					"DEBUG=1",
					"$(inherited)",
				);
				GCC_WARN_64_TO_32_BIT_CONVERSION = YES;
				GCC_WARN_ABOUT_RETURN_TYPE = YES_ERROR;
				GCC_WARN_UNDECLARED_SELECTOR = YES;
				GCC_WARN_UNINITIALIZED_AUTOS = YES_AGGRESSIVE;
				GCC_WARN_UNUSED_FUNCTION = YES;
				GCC_WARN_UNUSED_VARIABLE = YES;
				IPHONEOS_DEPLOYMENT_TARGET = 16.1;
				MTL_ENABLE_DEBUG_INFO = INCLUDE_SOURCE;
				MTL_FAST_MATH = YES;
				ONLY_ACTIVE_ARCH = YES;
				SDKROOT = iphoneos;
				SWIFT_ACTIVE_COMPILATION_CONDITIONS = DEBUG;
				SWIFT_OPTIMIZATION_LEVEL = "-Onone";
			};
			name = Debug;
		};
		87728CDC2946C0F300FEC5DC /* Release */ = {
			isa = XCBuildConfiguration;
			buildSettings = {
				ALWAYS_SEARCH_USER_PATHS = NO;
				CLANG_ANALYZER_NONNULL = YES;
				CLANG_ANALYZER_NUMBER_OBJECT_CONVERSION = YES_AGGRESSIVE;
				CLANG_CXX_LANGUAGE_STANDARD = "gnu++20";
				CLANG_ENABLE_MODULES = YES;
				CLANG_ENABLE_OBJC_ARC = YES;
				CLANG_ENABLE_OBJC_WEAK = YES;
				CLANG_WARN_BLOCK_CAPTURE_AUTORELEASING = YES;
				CLANG_WARN_BOOL_CONVERSION = YES;
				CLANG_WARN_COMMA = YES;
				CLANG_WARN_CONSTANT_CONVERSION = YES;
				CLANG_WARN_DEPRECATED_OBJC_IMPLEMENTATIONS = YES;
				CLANG_WARN_DIRECT_OBJC_ISA_USAGE = YES_ERROR;
				CLANG_WARN_DOCUMENTATION_COMMENTS = YES;
				CLANG_WARN_EMPTY_BODY = YES;
				CLANG_WARN_ENUM_CONVERSION = YES;
				CLANG_WARN_INFINITE_RECURSION = YES;
				CLANG_WARN_INT_CONVERSION = YES;
				CLANG_WARN_NON_LITERAL_NULL_CONVERSION = YES;
				CLANG_WARN_OBJC_IMPLICIT_RETAIN_SELF = YES;
				CLANG_WARN_OBJC_LITERAL_CONVERSION = YES;
				CLANG_WARN_OBJC_ROOT_CLASS = YES_ERROR;
				CLANG_WARN_QUOTED_INCLUDE_IN_FRAMEWORK_HEADER = YES;
				CLANG_WARN_RANGE_LOOP_ANALYSIS = YES;
				CLANG_WARN_STRICT_PROTOTYPES = YES;
				CLANG_WARN_SUSPICIOUS_MOVE = YES;
				CLANG_WARN_UNGUARDED_AVAILABILITY = YES_AGGRESSIVE;
				CLANG_WARN_UNREACHABLE_CODE = YES;
				CLANG_WARN__DUPLICATE_METHOD_MATCH = YES;
				COPY_PHASE_STRIP = NO;
				DEBUG_INFORMATION_FORMAT = "dwarf-with-dsym";
				ENABLE_NS_ASSERTIONS = NO;
				ENABLE_STRICT_OBJC_MSGSEND = YES;
				GCC_C_LANGUAGE_STANDARD = gnu11;
				GCC_NO_COMMON_BLOCKS = YES;
				GCC_WARN_64_TO_32_BIT_CONVERSION = YES;
				GCC_WARN_ABOUT_RETURN_TYPE = YES_ERROR;
				GCC_WARN_UNDECLARED_SELECTOR = YES;
				GCC_WARN_UNINITIALIZED_AUTOS = YES_AGGRESSIVE;
				GCC_WARN_UNUSED_FUNCTION = YES;
				GCC_WARN_UNUSED_VARIABLE = YES;
				IPHONEOS_DEPLOYMENT_TARGET = 16.1;
				MTL_ENABLE_DEBUG_INFO = NO;
				MTL_FAST_MATH = YES;
				SDKROOT = iphoneos;
				SWIFT_COMPILATION_MODE = wholemodule;
				SWIFT_OPTIMIZATION_LEVEL = "-O";
				VALIDATE_PRODUCT = YES;
			};
			name = Release;
		};
		87728CDE2946C0F300FEC5DC /* Debug */ = {
			isa = XCBuildConfiguration;
			buildSettings = {
				ASSETCATALOG_COMPILER_APPICON_NAME = AppIcon;
				ASSETCATALOG_COMPILER_GLOBAL_ACCENT_COLOR_NAME = AccentColor;
				CODE_SIGN_STYLE = Automatic;
				CURRENT_PROJECT_VERSION = 1;
				DEVELOPMENT_ASSET_PATHS = "\"MiniApp114-SwiftUI-InputTextList/Preview Content\"";
				DEVELOPMENT_TEAM = 558ZJSQN67;
				ENABLE_PREVIEWS = YES;
				GENERATE_INFOPLIST_FILE = YES;
				INFOPLIST_KEY_UIApplicationSceneManifest_Generation = YES;
				INFOPLIST_KEY_UIApplicationSupportsIndirectInputEvents = YES;
				INFOPLIST_KEY_UILaunchScreen_Generation = YES;
				INFOPLIST_KEY_UISupportedInterfaceOrientations_iPad = "UIInterfaceOrientationPortrait UIInterfaceOrientationPortraitUpsideDown UIInterfaceOrientationLandscapeLeft UIInterfaceOrientationLandscapeRight";
				INFOPLIST_KEY_UISupportedInterfaceOrientations_iPhone = "UIInterfaceOrientationPortrait UIInterfaceOrientationLandscapeLeft UIInterfaceOrientationLandscapeRight";
				LD_RUNPATH_SEARCH_PATHS = (
					"$(inherited)",
					"@executable_path/Frameworks",
				);
				MARKETING_VERSION = 1.0;
				PRODUCT_BUNDLE_IDENTIFIER = "org.tetoblog.MiniApp114-SwiftUI-InputTextList";
				PRODUCT_NAME = "$(TARGET_NAME)";
				SWIFT_EMIT_LOC_STRINGS = YES;
				SWIFT_VERSION = 5.0;
				TARGETED_DEVICE_FAMILY = "1,2";
			};
			name = Debug;
		};
		87728CDF2946C0F300FEC5DC /* Release */ = {
			isa = XCBuildConfiguration;
			buildSettings = {
				ASSETCATALOG_COMPILER_APPICON_NAME = AppIcon;
				ASSETCATALOG_COMPILER_GLOBAL_ACCENT_COLOR_NAME = AccentColor;
				CODE_SIGN_STYLE = Automatic;
				CURRENT_PROJECT_VERSION = 1;
				DEVELOPMENT_ASSET_PATHS = "\"MiniApp114-SwiftUI-InputTextList/Preview Content\"";
				DEVELOPMENT_TEAM = 558ZJSQN67;
				ENABLE_PREVIEWS = YES;
				GENERATE_INFOPLIST_FILE = YES;
				INFOPLIST_KEY_UIApplicationSceneManifest_Generation = YES;
				INFOPLIST_KEY_UIApplicationSupportsIndirectInputEvents = YES;
				INFOPLIST_KEY_UILaunchScreen_Generation = YES;
				INFOPLIST_KEY_UISupportedInterfaceOrientations_iPad = "UIInterfaceOrientationPortrait UIInterfaceOrientationPortraitUpsideDown UIInterfaceOrientationLandscapeLeft UIInterfaceOrientationLandscapeRight";
				INFOPLIST_KEY_UISupportedInterfaceOrientations_iPhone = "UIInterfaceOrientationPortrait UIInterfaceOrientationLandscapeLeft UIInterfaceOrientationLandscapeRight";
				LD_RUNPATH_SEARCH_PATHS = (
					"$(inherited)",
					"@executable_path/Frameworks",
				);
				MARKETING_VERSION = 1.0;
				PRODUCT_BUNDLE_IDENTIFIER = "org.tetoblog.MiniApp114-SwiftUI-InputTextList";
				PRODUCT_NAME = "$(TARGET_NAME)";
				SWIFT_EMIT_LOC_STRINGS = YES;
				SWIFT_VERSION = 5.0;
				TARGETED_DEVICE_FAMILY = "1,2";
			};
			name = Release;
		};
		87728CE12946C0F300FEC5DC /* Debug */ = {
			isa = XCBuildConfiguration;
			buildSettings = {
				ALWAYS_EMBED_SWIFT_STANDARD_LIBRARIES = YES;
				BUNDLE_LOADER = "$(TEST_HOST)";
				CODE_SIGN_STYLE = Automatic;
				CURRENT_PROJECT_VERSION = 1;
				DEVELOPMENT_TEAM = 558ZJSQN67;
				GENERATE_INFOPLIST_FILE = YES;
				IPHONEOS_DEPLOYMENT_TARGET = 16.1;
				MARKETING_VERSION = 1.0;
				PRODUCT_BUNDLE_IDENTIFIER = "org.tetoblog.MiniApp114-SwiftUI-InputTextListTests";
				PRODUCT_NAME = "$(TARGET_NAME)";
				SWIFT_EMIT_LOC_STRINGS = NO;
				SWIFT_VERSION = 5.0;
				TARGETED_DEVICE_FAMILY = "1,2";
				TEST_HOST = "$(BUILT_PRODUCTS_DIR)/MiniApp114-SwiftUI-InputTextList.app/$(BUNDLE_EXECUTABLE_FOLDER_PATH)/MiniApp114-SwiftUI-InputTextList";
			};
			name = Debug;
		};
		87728CE22946C0F300FEC5DC /* Release */ = {
			isa = XCBuildConfiguration;
			buildSettings = {
				ALWAYS_EMBED_SWIFT_STANDARD_LIBRARIES = YES;
				BUNDLE_LOADER = "$(TEST_HOST)";
				CODE_SIGN_STYLE = Automatic;
				CURRENT_PROJECT_VERSION = 1;
				DEVELOPMENT_TEAM = 558ZJSQN67;
				GENERATE_INFOPLIST_FILE = YES;
				IPHONEOS_DEPLOYMENT_TARGET = 16.1;
				MARKETING_VERSION = 1.0;
				PRODUCT_BUNDLE_IDENTIFIER = "org.tetoblog.MiniApp114-SwiftUI-InputTextListTests";
				PRODUCT_NAME = "$(TARGET_NAME)";
				SWIFT_EMIT_LOC_STRINGS = NO;
				SWIFT_VERSION = 5.0;
				TARGETED_DEVICE_FAMILY = "1,2";
				TEST_HOST = "$(BUILT_PRODUCTS_DIR)/MiniApp114-SwiftUI-InputTextList.app/$(BUNDLE_EXECUTABLE_FOLDER_PATH)/MiniApp114-SwiftUI-InputTextList";
			};
			name = Release;
		};
		87728CE42946C0F300FEC5DC /* Debug */ = {
			isa = XCBuildConfiguration;
			buildSettings = {
				ALWAYS_EMBED_SWIFT_STANDARD_LIBRARIES = YES;
				CODE_SIGN_STYLE = Automatic;
				CURRENT_PROJECT_VERSION = 1;
				DEVELOPMENT_TEAM = 558ZJSQN67;
				GENERATE_INFOPLIST_FILE = YES;
				MARKETING_VERSION = 1.0;
				PRODUCT_BUNDLE_IDENTIFIER = "org.tetoblog.MiniApp114-SwiftUI-InputTextListUITests";
				PRODUCT_NAME = "$(TARGET_NAME)";
				SWIFT_EMIT_LOC_STRINGS = NO;
				SWIFT_VERSION = 5.0;
				TARGETED_DEVICE_FAMILY = "1,2";
				TEST_TARGET_NAME = "MiniApp114-SwiftUI-InputTextList";
			};
			name = Debug;
		};
		87728CE52946C0F300FEC5DC /* Release */ = {
			isa = XCBuildConfiguration;
			buildSettings = {
				ALWAYS_EMBED_SWIFT_STANDARD_LIBRARIES = YES;
				CODE_SIGN_STYLE = Automatic;
				CURRENT_PROJECT_VERSION = 1;
				DEVELOPMENT_TEAM = 558ZJSQN67;
				GENERATE_INFOPLIST_FILE = YES;
				MARKETING_VERSION = 1.0;
				PRODUCT_BUNDLE_IDENTIFIER = "org.tetoblog.MiniApp114-SwiftUI-InputTextListUITests";
				PRODUCT_NAME = "$(TARGET_NAME)";
				SWIFT_EMIT_LOC_STRINGS = NO;
				SWIFT_VERSION = 5.0;
				TARGETED_DEVICE_FAMILY = "1,2";
				TEST_TARGET_NAME = "MiniApp114-SwiftUI-InputTextList";
			};
			name = Release;
		};
/* End XCBuildConfiguration section */

/* Begin XCConfigurationList section */
		87728CB42946C0F200FEC5DC /* Build configuration list for PBXProject "MiniApp114-SwiftUI-InputTextList" */ = {
			isa = XCConfigurationList;
			buildConfigurations = (
				87728CDB2946C0F300FEC5DC /* Debug */,
				87728CDC2946C0F300FEC5DC /* Release */,
			);
			defaultConfigurationIsVisible = 0;
			defaultConfigurationName = Release;
		};
		87728CDD2946C0F300FEC5DC /* Build configuration list for PBXNativeTarget "MiniApp114-SwiftUI-InputTextList" */ = {
			isa = XCConfigurationList;
			buildConfigurations = (
				87728CDE2946C0F300FEC5DC /* Debug */,
				87728CDF2946C0F300FEC5DC /* Release */,
			);
			defaultConfigurationIsVisible = 0;
			defaultConfigurationName = Release;
		};
		87728CE02946C0F300FEC5DC /* Build configuration list for PBXNativeTarget "MiniApp114-SwiftUI-InputTextListTests" */ = {
			isa = XCConfigurationList;
			buildConfigurations = (
				87728CE12946C0F300FEC5DC /* Debug */,
				87728CE22946C0F300FEC5DC /* Release */,
			);
			defaultConfigurationIsVisible = 0;
			defaultConfigurationName = Release;
		};
		87728CE32946C0F300FEC5DC /* Build configuration list for PBXNativeTarget "MiniApp114-SwiftUI-InputTextListUITests" */ = {
			isa = XCConfigurationList;
			buildConfigurations = (
				87728CE42946C0F300FEC5DC /* Debug */,
				87728CE52946C0F300FEC5DC /* Release */,
			);
			defaultConfigurationIsVisible = 0;
			defaultConfigurationName = Release;
		};
/* End XCConfigurationList section */
	};
	rootObject = 87728CB12946C0F200FEC5DC /* Project object */;
}
